# THIS IS AN AUTOGENERATED FILE. DO NOT EDIT THIS FILE DIRECTLY.
# yarn lockfile v1


"@babel/code-frame@^7.0.0":
  version "7.14.5"
  resolved "https://registry.yarnpkg.com/@babel/code-frame/-/code-frame-7.14.5.tgz#23b08d740e83f49c5e59945fbf1b43e80bbf4edb"
  integrity sha512-9pzDqyc6OLDaqe+zbACgFkb6fKMNG6CObKpnYXChRsvYGyEdc7CA2BaqeOM+vOtCS5ndmJicPJhKAwYRI6UfFw==
  dependencies:
    "@babel/highlight" "^7.14.5"

"@babel/helper-validator-identifier@^7.14.5":
  version "7.14.5"
  resolved "https://registry.yarnpkg.com/@babel/helper-validator-identifier/-/helper-validator-identifier-7.14.5.tgz#d0f0e277c512e0c938277faa85a3968c9a44c0e8"
  integrity sha512-5lsetuxCLilmVGyiLEfoHBRX8UCFD+1m2x3Rj97WrW3V7H3u4RWRXA4evMjImCsin2J2YT0QaVDGf+z8ondbAg==

"@babel/highlight@^7.14.5":
  version "7.14.5"
  resolved "https://registry.yarnpkg.com/@babel/highlight/-/highlight-7.14.5.tgz#6861a52f03966405001f6aa534a01a24d99e8cd9"
  integrity sha512-qf9u2WFWVV0MppaL877j2dBtQIDgmidgjGk5VIMw3OadXvYaXn66U1BFlH2t4+t3i+8PhedppRv+i40ABzd+gg==
  dependencies:
    "@babel/helper-validator-identifier" "^7.14.5"
    chalk "^2.0.0"
    js-tokens "^4.0.0"

"@textlint/ast-node-types@^12.0.0":
  version "12.0.0"
  resolved "https://registry.yarnpkg.com/@textlint/ast-node-types/-/ast-node-types-12.0.0.tgz#23bd683f9fc04209ae28bff72954c8aa67c6b1ca"
  integrity sha512-qUjmlpz1vR3AStBA9RPDCVT0/pGtePvBJ5Vb/0PzTrnr04iFktG6P6B1VOmgTh8J9Kl/FonQFo3A9M1Q3UH+JA==

"@textlint/markdown-to-ast@^12.0.0":
  version "12.0.0"
  resolved "https://registry.yarnpkg.com/@textlint/markdown-to-ast/-/markdown-to-ast-12.0.0.tgz#bdd2f572e12be04b153789413a31fcf78d1f98d2"
  integrity sha512-XaiuePJVDGVIwdjIiITdbdRXZDFnAFY/so3Rb8qAId/Qq9fKPUvgefMkdIG73wUC7LzhrAzH6/CuEO+f77HR5g==
  dependencies:
    "@textlint/ast-node-types" "^12.0.0"
    debug "^4.3.1"
    remark-footnotes "^3.0.0"
    remark-frontmatter "^3.0.0"
    remark-gfm "^1.0.0"
    remark-parse "^9.0.0"
    traverse "^0.6.6"
    unified "^9.2.1"

"@types/mdast@^3.0.0":
  version "3.0.3"
  resolved "https://registry.yarnpkg.com/@types/mdast/-/mdast-3.0.3.tgz#2d7d671b1cd1ea3deb306ea75036c2a0407d2deb"
  integrity sha512-SXPBMnFVQg1s00dlMCc/jCdvPqdE4mXaMMCeRlxLDmTAEoegHT53xKtkDnzDTOcmMHUfcjyf36/YYZ6SxRdnsw==
  dependencies:
    "@types/unist" "*"

"@types/node@^15.12.2":
  version "15.12.2"
  resolved "https://registry.yarnpkg.com/@types/node/-/node-15.12.2.tgz#1f2b42c4be7156ff4a6f914b2fb03d05fa84e38d"
  integrity sha512-zjQ69G564OCIWIOHSXyQEEDpdpGl+G348RAKY0XXy9Z5kU9Vzv1GMNnkar/ZJ8dzXB3COzD9Mo9NtRZ4xfgUww==

"@types/unist@*", "@types/unist@^2.0.0", "@types/unist@^2.0.2":
  version "2.0.3"
  resolved "https://registry.yarnpkg.com/@types/unist/-/unist-2.0.3.tgz#9c088679876f374eb5983f150d4787aa6fb32d7e"
  integrity sha512-FvUupuM3rlRsRtCN+fDudtmytGO6iHJuuRKS1Ss0pG5z8oX0diNEw94UEL7hgDbpN94rgaK5R7sWm6RrSkZuAQ==

ansi-styles@^3.2.1:
  version "3.2.1"
  resolved "https://registry.yarnpkg.com/ansi-styles/-/ansi-styles-3.2.1.tgz#41fbb20243e50b12be0f04b8dedbf07520ce841d"
  integrity sha512-VT0ZI6kZRdTh8YyJw3SMbYm/u+NqfsAxEpWO0Pf9sq8/e94WxxOpPKx9FR1FlyCtOVDNOQ+8ntlqFxiRc+r5qA==
  dependencies:
    color-convert "^1.9.0"

argparse@^1.0.7:
  version "1.0.10"
  resolved "https://registry.yarnpkg.com/argparse/-/argparse-1.0.10.tgz#bcd6791ea5ae09725e17e5ad988134cd40b3d911"
  integrity sha512-o5Roy6tNG4SL/FOkCAN6RzjiakZS25RLYFrcMttJqbdd8BWrnA+fGz57iN5Pb06pvBGvl5gQ0B48dJlslXvoTg==
  dependencies:
    sprintf-js "~1.0.2"

bail@^1.0.0:
  version "1.0.5"
  resolved "https://registry.yarnpkg.com/bail/-/bail-1.0.5.tgz#b6fa133404a392cbc1f8c4bf63f5953351e7a776"
  integrity sha512-xFbRxM1tahm08yHBP16MMjVUAvDaBMD38zsM9EMAUN61omwLmKlOpB/Zku5QkjZ8TZ4vn53pj+t518cH0S03RQ==

balanced-match@^1.0.0:
  version "1.0.2"
  resolved "https://registry.yarnpkg.com/balanced-match/-/balanced-match-1.0.2.tgz#e83e3a7e3f300b34cb9d87f615fa0cbf357690ee"
  integrity sha512-3oSeUO0TMV67hN1AmbXsK4yaqU7tjiHlbxRDZOpH0KW9+CeX4bRAaX0Anxt0tx2MrpRpWwQaPwIlISEJhYU5Pw==

brace-expansion@^1.1.7:
  version "1.1.11"
  resolved "https://registry.yarnpkg.com/brace-expansion/-/brace-expansion-1.1.11.tgz#3c7fcbf529d87226f3d2f52b966ff5271eb441dd"
  integrity sha512-iCuPHDFgrHX7H2vEI/5xpz07zSHB00TpugqhmYtVmMO6518mCuRMoOYFldEBl0g187ufozdaHgWKcYFb61qGiA==
  dependencies:
    balanced-match "^1.0.0"
    concat-map "0.0.1"

builtin-modules@^1.1.1:
  version "1.1.1"
  resolved "https://registry.yarnpkg.com/builtin-modules/-/builtin-modules-1.1.1.tgz#270f076c5a72c02f5b65a47df94c5fe3a278892f"
  integrity sha1-Jw8HbFpywC9bZaR9+Uxf46J4iS8=

ccount@^1.0.0:
  version "1.1.0"
  resolved "https://registry.yarnpkg.com/ccount/-/ccount-1.1.0.tgz#246687debb6014735131be8abab2d93898f8d043"
  integrity sha512-vlNK021QdI7PNeiUh/lKkC/mNHHfV0m/Ad5JoI0TYtlBnJAslM/JIkm/tGC88bkLIwO6OQ5uV6ztS6kVAtCDlg==

chalk@^2.0.0, chalk@^2.3.0:
  version "2.4.2"
  resolved "https://registry.yarnpkg.com/chalk/-/chalk-2.4.2.tgz#cd42541677a54333cf541a49108c1432b44c9424"
  integrity sha512-Mti+f9lpJNcwF4tWV8/OrTTtF1gZi+f8FqlyAdouralcFWFQWF2+NgCHShjkCb+IFBLq9buZwE1xckQU4peSuQ==
  dependencies:
    ansi-styles "^3.2.1"
    escape-string-regexp "^1.0.5"
    supports-color "^5.3.0"

character-entities-legacy@^1.0.0:
  version "1.1.4"
  resolved "https://registry.yarnpkg.com/character-entities-legacy/-/character-entities-legacy-1.1.4.tgz#94bc1845dce70a5bb9d2ecc748725661293d8fc1"
  integrity sha512-3Xnr+7ZFS1uxeiUDvV02wQ+QDbc55o97tIV5zHScSPJpcLm/r0DFPcoY3tYRp+VZukxuMeKgXYmsXQHO05zQeA==

character-entities@^1.0.0:
  version "1.2.4"
  resolved "https://registry.yarnpkg.com/character-entities/-/character-entities-1.2.4.tgz#e12c3939b7eaf4e5b15e7ad4c5e28e1d48c5b16b"
  integrity sha512-iBMyeEHxfVnIakwOuDXpVkc54HijNgCyQB2w0VfGQThle6NXn50zU6V/u+LDhxHcDUPojn6Kpga3PTAD8W1bQw==

character-reference-invalid@^1.0.0:
  version "1.1.4"
  resolved "https://registry.yarnpkg.com/character-reference-invalid/-/character-reference-invalid-1.1.4.tgz#083329cda0eae272ab3dbbf37e9a382c13af1560"
  integrity sha512-mKKUkUbhPpQlCOfIuZkvSEgktjPFIsZKRRbC6KWVEMvlzblj3i3asQv5ODsrwt0N3pHAEvjP8KTQPHkp0+6jOg==

color-convert@^1.9.0:
  version "1.9.3"
  resolved "https://registry.yarnpkg.com/color-convert/-/color-convert-1.9.3.tgz#bb71850690e1f136567de629d2d5471deda4c1e8"
  integrity sha512-QfAUtd+vFdAtFQcC8CCyYt1fYWxSqAiK2cSD6zDB8N3cpsEBAvRxp9zOGg6G/SHHJYAT88/az/IuDGALsNVbGg==
  dependencies:
    color-name "1.1.3"

color-name@1.1.3:
  version "1.1.3"
  resolved "https://registry.yarnpkg.com/color-name/-/color-name-1.1.3.tgz#a7d0558bd89c42f795dd42328f740831ca53bc25"
  integrity sha1-p9BVi9icQveV3UIyj3QIMcpTvCU=

commander@^2.12.1:
  version "2.20.3"
  resolved "https://registry.yarnpkg.com/commander/-/commander-2.20.3.tgz#fd485e84c03eb4881c20722ba48035e8531aeb33"
  integrity sha512-GpVkmM8vF2vQUkj2LvZmD35JxeJOLCwJ9cUkugyk2nuhbv3+mJvpLYYt+0+USMxE+oj+ey/lJEnhZw75x/OMcQ==

concat-map@0.0.1:
  version "0.0.1"
  resolved "https://registry.yarnpkg.com/concat-map/-/concat-map-0.0.1.tgz#d8a96bd77fd68df7793a73036a3ba0d5405d477b"
  integrity sha1-2Klr13/Wjfd5OnMDajug1UBdR3s=

debug@^4.0.0, debug@^4.3.1:
  version "4.3.1"
  resolved "https://registry.yarnpkg.com/debug/-/debug-4.3.1.tgz#f0d229c505e0c6d8c49ac553d1b13dc183f6b2ee"
  integrity sha512-doEwdvm4PCeK4K3RQN2ZC2BYUBaxwLARCqZmMjtF8a51J2Rb0xpVloFRnCODwqjpwnAoao4pelN8l3RJdv3gRQ==
  dependencies:
    ms "2.1.2"

diff@^4.0.1:
  version "4.0.2"
  resolved "https://registry.yarnpkg.com/diff/-/diff-4.0.2.tgz#60f3aecb89d5fae520c11aa19efc2bb982aade7d"
  integrity sha512-58lmxKSA4BNyLz+HHMUzlOEpg09FV+ev6ZMe3vJihgdxzgcwZ8VoEEPmALCZG9LmqfVoNMMKpttIYTVG6uDY7A==

escape-string-regexp@^1.0.5:
  version "1.0.5"
  resolved "https://registry.yarnpkg.com/escape-string-regexp/-/escape-string-regexp-1.0.5.tgz#1b61c0562190a8dff6ae3bb2cf0200ca130b86d4"
  integrity sha1-G2HAViGQqN/2rjuyzwIAyhMLhtQ=

escape-string-regexp@^4.0.0:
  version "4.0.0"
  resolved "https://registry.yarnpkg.com/escape-string-regexp/-/escape-string-regexp-4.0.0.tgz#14ba83a5d373e3d311e5afca29cf5bfad965bf34"
  integrity sha512-TtpcNJ3XAzx3Gq8sWRzJaVajRs0uVxA2YAkdb1jm2YkPz4G6egUFAyA3n5vtEIZefPk5Wa4UXbKuS5fKkJWdgA==

esprima@^4.0.0:
  version "4.0.1"
  resolved "https://registry.yarnpkg.com/esprima/-/esprima-4.0.1.tgz#13b04cdb3e6c5d19df91ab6987a8695619b0aa71"
  integrity sha512-eGuFFw7Upda+g4p+QHvnW0RyTX/SVeJBDM/gCtMARO0cLuT2HcEKnTPvhjV6aGeqrCB/sbNop0Kszm0jsaWU4A==

extend-shallow@^2.0.1:
  version "2.0.1"
  resolved "https://registry.yarnpkg.com/extend-shallow/-/extend-shallow-2.0.1.tgz#51af7d614ad9a9f610ea1bafbb989d6b1c56890f"
  integrity sha1-Ua99YUrZqfYQ6huvu5idaxxWiQ8=
  dependencies:
    is-extendable "^0.1.0"

extend@^3.0.0:
  version "3.0.2"
  resolved "https://registry.yarnpkg.com/extend/-/extend-3.0.2.tgz#f8b1136b4071fbd8eb140aff858b1019ec2915fa"
  integrity sha512-fjquC59cD7CyW6urNXK0FBufkZcoiGG80wTuPujX590cB5Ttln20E2UB4S/WARVqhXffZl2LNgS+gQdPIIim/g==

fault@^1.0.0:
  version "1.0.4"
  resolved "https://registry.yarnpkg.com/fault/-/fault-1.0.4.tgz#eafcfc0a6d214fc94601e170df29954a4f842f13"
  integrity sha512-CJ0HCB5tL5fYTEA7ToAq5+kTwd++Borf1/bifxd9iT70QcXr4MRrO3Llf8Ifs70q+SJcGHFtnIE/Nw6giCtECA==
  dependencies:
    format "^0.2.0"

format@^0.2.0:
  version "0.2.2"
  resolved "https://registry.yarnpkg.com/format/-/format-0.2.2.tgz#d6170107e9efdc4ed30c9dc39016df942b5cb58b"
  integrity sha1-1hcBB+nv3E7TDJ3DkBbflCtctYs=

fs.realpath@^1.0.0:
  version "1.0.0"
  resolved "https://registry.yarnpkg.com/fs.realpath/-/fs.realpath-1.0.0.tgz#1504ad2523158caa40db4a2787cb01411994ea4f"
  integrity sha1-FQStJSMVjKpA20onh8sBQRmU6k8=

function-bind@^1.1.1:
  version "1.1.1"
  resolved "https://registry.yarnpkg.com/function-bind/-/function-bind-1.1.1.tgz#a56899d3ea3c9bab874bb9773b7c5ede92f4895d"
  integrity sha512-yIovAzMX49sF8Yl58fSCWJ5svSLuaibPxXQJFLmBObTuCr0Mf1KiPopGM9NiFjiYBCbfaa2Fh6breQ6ANVTI0A==

glob@^7.1.1:
  version "7.1.7"
  resolved "https://registry.yarnpkg.com/glob/-/glob-7.1.7.tgz#3b193e9233f01d42d0b3f78294bbeeb418f94a90"
  integrity sha512-OvD9ENzPLbegENnYP5UUfJIirTg4+XwMWGaQfQTY0JenxNvvIKP3U3/tAQSPIu/lHxXYSZmpXlUHeqAIdKzBLQ==
  dependencies:
    fs.realpath "^1.0.0"
    inflight "^1.0.4"
    inherits "2"
    minimatch "^3.0.4"
    once "^1.3.0"
    path-is-absolute "^1.0.0"

gray-matter@^4.0.3:
  version "4.0.3"
  resolved "https://registry.yarnpkg.com/gray-matter/-/gray-matter-4.0.3.tgz#e893c064825de73ea1f5f7d88c7a9f7274288798"
  integrity sha512-5v6yZd4JK3eMI3FqqCouswVqwugaA9r4dNZB1wwcmrD02QkV5H0y7XBQW8QwQqEaZY1pM9aqORSORhJRdNK44Q==
  dependencies:
    js-yaml "^3.13.1"
    kind-of "^6.0.2"
    section-matter "^1.0.0"
    strip-bom-string "^1.0.0"

has-flag@^3.0.0:
  version "3.0.0"
  resolved "https://registry.yarnpkg.com/has-flag/-/has-flag-3.0.0.tgz#b5d454dc2199ae225699f3467e5a07f3b955bafd"
  integrity sha1-tdRU3CGZriJWmfNGfloH87lVuv0=

has@^1.0.3:
  version "1.0.3"
  resolved "https://registry.yarnpkg.com/has/-/has-1.0.3.tgz#722d7cbfc1f6aa8241f16dd814e011e1f41e8796"
  integrity sha512-f2dvO0VU6Oej7RkWJGrehjbzMAjFp5/VKPp5tTpWIV4JHHZK1/BxbFRtf/siA2SWTe09caDmVtYYzWEIbBS4zw==
  dependencies:
    function-bind "^1.1.1"

inflight@^1.0.4:
  version "1.0.6"
  resolved "https://registry.yarnpkg.com/inflight/-/inflight-1.0.6.tgz#49bd6331d7d02d0c09bc910a1075ba8165b56df9"
  integrity sha1-Sb1jMdfQLQwJvJEKEHW6gWW1bfk=
  dependencies:
    once "^1.3.0"
    wrappy "1"

inherits@2:
  version "2.0.4"
  resolved "https://registry.yarnpkg.com/inherits/-/inherits-2.0.4.tgz#0fa2c64f932917c3433a0ded55363aae37416b7c"
  integrity sha512-k/vGaX4/Yla3WzyMCvTQOXYeIHvqOKtnqBduzTHpzpQZzAskKMhZ2K+EnBiSM9zGSoIFeMpXKxa4dYeZIQqewQ==

is-alphabetical@^1.0.0:
  version "1.0.4"
  resolved "https://registry.yarnpkg.com/is-alphabetical/-/is-alphabetical-1.0.4.tgz#9e7d6b94916be22153745d184c298cbf986a686d"
  integrity sha512-DwzsA04LQ10FHTZuL0/grVDk4rFoVH1pjAToYwBrHSxcrBIGQuXrQMtD5U1b0U2XVgKZCTLLP8u2Qxqhy3l2Vg==

is-alphanumerical@^1.0.0:
  version "1.0.4"
  resolved "https://registry.yarnpkg.com/is-alphanumerical/-/is-alphanumerical-1.0.4.tgz#7eb9a2431f855f6b1ef1a78e326df515696c4dbf"
  integrity sha512-UzoZUr+XfVz3t3v4KyGEniVL9BDRoQtY7tOyrRybkVNjDFWyo1yhXNGrrBTQxp3ib9BLAWs7k2YKBQsFRkZG9A==
  dependencies:
    is-alphabetical "^1.0.0"
    is-decimal "^1.0.0"

is-buffer@^2.0.0:
  version "2.0.5"
  resolved "https://registry.yarnpkg.com/is-buffer/-/is-buffer-2.0.5.tgz#ebc252e400d22ff8d77fa09888821a24a658c191"
  integrity sha512-i2R6zNFDwgEHJyQUtJEk0XFi1i0dPFn/oqjK3/vPCcDeJvW5NQ83V8QbicfF1SupOaB0h8ntgBC2YiE7dfyctQ==

is-core-module@^2.2.0:
  version "2.4.0"
  resolved "https://registry.yarnpkg.com/is-core-module/-/is-core-module-2.4.0.tgz#8e9fc8e15027b011418026e98f0e6f4d86305cc1"
  integrity sha512-6A2fkfq1rfeQZjxrZJGerpLCTHRNEBiSgnu0+obeJpEPZRUooHgsizvzv0ZjJwOz3iWIHdJtVWJ/tmPr3D21/A==
  dependencies:
    has "^1.0.3"

is-decimal@^1.0.0:
  version "1.0.4"
  resolved "https://registry.yarnpkg.com/is-decimal/-/is-decimal-1.0.4.tgz#65a3a5958a1c5b63a706e1b333d7cd9f630d3fa5"
  integrity sha512-RGdriMmQQvZ2aqaQq3awNA6dCGtKpiDFcOzrTWrDAT2MiWrKQVPmxLGHl7Y2nNu6led0kEyoX0enY0qXYsv9zw==

is-extendable@^0.1.0:
  version "0.1.1"
  resolved "https://registry.yarnpkg.com/is-extendable/-/is-extendable-0.1.1.tgz#62b110e289a471418e3ec36a617d472e301dfc89"
  integrity sha1-YrEQ4omkcUGOPsNqYX1HLjAd/Ik=

is-hexadecimal@^1.0.0:
  version "1.0.4"
  resolved "https://registry.yarnpkg.com/is-hexadecimal/-/is-hexadecimal-1.0.4.tgz#cc35c97588da4bd49a8eedd6bc4082d44dcb23a7"
  integrity sha512-gyPJuv83bHMpocVYoqof5VDiZveEoGoFL8m3BXNb2VW8Xs+rz9kqO8LOQ5DH6EsuvilT1ApazU0pyl+ytbPtlw==

is-plain-obj@^2.0.0:
  version "2.1.0"
  resolved "https://registry.yarnpkg.com/is-plain-obj/-/is-plain-obj-2.1.0.tgz#45e42e37fccf1f40da8e5f76ee21515840c09287"
  integrity sha512-YWnfyRwxL/+SsrWYfOpUtz5b3YD+nyfkHvjbcanzk8zgyO4ASD67uVMRt8k5bM4lLMDnXfriRhOpemw+NfT1eA==

js-tokens@^4.0.0:
  version "4.0.0"
  resolved "https://registry.yarnpkg.com/js-tokens/-/js-tokens-4.0.0.tgz#19203fb59991df98e3a287050d4647cdeaf32499"
  integrity sha512-RdJUflcE3cUzKiMqQgsCu06FPu9UdIJO0beYbPhHN4k6apgJtifcoCtT9bcxOpYBtpD2kCM6Sbzg4CausW/PKQ==

js-yaml@^3.13.1:
  version "3.14.1"
  resolved "https://registry.yarnpkg.com/js-yaml/-/js-yaml-3.14.1.tgz#dae812fdb3825fa306609a8717383c50c36a0537"
  integrity sha512-okMH7OXXJ7YrN9Ok3/SXrnu4iX9yOk+25nqX4imS2npuvTYDmo/QEZoqwZkYaIDk3jVvBOTOIEgEhaLOynBS9g==
  dependencies:
    argparse "^1.0.7"
    esprima "^4.0.0"

kind-of@^6.0.0, kind-of@^6.0.2:
  version "6.0.3"
  resolved "https://registry.yarnpkg.com/kind-of/-/kind-of-6.0.3.tgz#07c05034a6c349fa06e24fa35aa76db4580ce4dd"
  integrity sha512-dcS1ul+9tmeD95T+x28/ehLgd9mENa3LsvDTtzm3vyBEO7RPptvAD+t44WVXaUjTBRcrpFeFlC8WCruUR456hw==

longest-streak@^2.0.0:
  version "2.0.4"
  resolved "https://registry.yarnpkg.com/longest-streak/-/longest-streak-2.0.4.tgz#b8599957da5b5dab64dee3fe316fa774597d90e4"
  integrity sha512-vM6rUVCVUJJt33bnmHiZEvr7wPT78ztX7rojL+LW51bHtLh6HTjx84LA5W4+oa6aKEJA7jJu5LR6vQRBpA5DVg==

markdown-table@^2.0.0:
  version "2.0.0"
  resolved "https://registry.yarnpkg.com/markdown-table/-/markdown-table-2.0.0.tgz#194a90ced26d31fe753d8b9434430214c011865b"
  integrity sha512-Ezda85ToJUBhM6WGaG6veasyym+Tbs3cMAw/ZhOPqXiYsr0jgocBV3j3nx+4lk47plLlIqjwuTm/ywVI+zjJ/A==
  dependencies:
    repeat-string "^1.0.0"

mdast-util-find-and-replace@^1.1.0:
  version "1.1.1"
  resolved "https://registry.yarnpkg.com/mdast-util-find-and-replace/-/mdast-util-find-and-replace-1.1.1.tgz#b7db1e873f96f66588c321f1363069abf607d1b5"
  integrity sha512-9cKl33Y21lyckGzpSmEQnIDjEfeeWelN5s1kUW1LwdB0Fkuq2u+4GdqcGEygYxJE8GVqCl0741bYXHgamfWAZA==
  dependencies:
    escape-string-regexp "^4.0.0"
    unist-util-is "^4.0.0"
    unist-util-visit-parents "^3.0.0"

mdast-util-footnote@^0.1.0:
  version "0.1.7"
  resolved "https://registry.yarnpkg.com/mdast-util-footnote/-/mdast-util-footnote-0.1.7.tgz#4b226caeab4613a3362c144c94af0fdd6f7e0ef0"
  integrity sha512-QxNdO8qSxqbO2e3m09KwDKfWiLgqyCurdWTQ198NpbZ2hxntdc+VKS4fDJCmNWbAroUdYnSthu+XbZ8ovh8C3w==
  dependencies:
    mdast-util-to-markdown "^0.6.0"
    micromark "~2.11.0"

mdast-util-from-markdown@^0.8.0:
  version "0.8.5"
  resolved "https://registry.yarnpkg.com/mdast-util-from-markdown/-/mdast-util-from-markdown-0.8.5.tgz#d1ef2ca42bc377ecb0463a987910dae89bd9a28c"
  integrity sha512-2hkTXtYYnr+NubD/g6KGBS/0mFmBcifAsI0yIWRiRo0PjVs6SSOSOdtzbp6kSGnShDN6G5aWZpKQ2lWRy27mWQ==
  dependencies:
    "@types/mdast" "^3.0.0"
    mdast-util-to-string "^2.0.0"
    micromark "~2.11.0"
    parse-entities "^2.0.0"
    unist-util-stringify-position "^2.0.0"

mdast-util-frontmatter@^0.2.0:
  version "0.2.0"
  resolved "https://registry.yarnpkg.com/mdast-util-frontmatter/-/mdast-util-frontmatter-0.2.0.tgz#8bd5cd55e236c03e204a036f7372ebe9e6748240"
  integrity sha512-FHKL4w4S5fdt1KjJCwB0178WJ0evnyyQr5kXTM3wrOVpytD0hrkvd+AOOjU9Td8onOejCkmZ+HQRT3CZ3coHHQ==
  dependencies:
    micromark-extension-frontmatter "^0.2.0"

mdast-util-gfm-autolink-literal@^0.1.0:
  version "0.1.3"
  resolved "https://registry.yarnpkg.com/mdast-util-gfm-autolink-literal/-/mdast-util-gfm-autolink-literal-0.1.3.tgz#9c4ff399c5ddd2ece40bd3b13e5447d84e385fb7"
  integrity sha512-GjmLjWrXg1wqMIO9+ZsRik/s7PLwTaeCHVB7vRxUwLntZc8mzmTsLVr6HW1yLokcnhfURsn5zmSVdi3/xWWu1A==
  dependencies:
    ccount "^1.0.0"
    mdast-util-find-and-replace "^1.1.0"
    micromark "^2.11.3"

mdast-util-gfm-strikethrough@^0.2.0:
  version "0.2.3"
  resolved "https://registry.yarnpkg.com/mdast-util-gfm-strikethrough/-/mdast-util-gfm-strikethrough-0.2.3.tgz#45eea337b7fff0755a291844fbea79996c322890"
  integrity sha512-5OQLXpt6qdbttcDG/UxYY7Yjj3e8P7X16LzvpX8pIQPYJ/C2Z1qFGMmcw+1PZMUM3Z8wt8NRfYTvCni93mgsgA==
  dependencies:
    mdast-util-to-markdown "^0.6.0"

mdast-util-gfm-table@^0.1.0:
  version "0.1.6"
  resolved "https://registry.yarnpkg.com/mdast-util-gfm-table/-/mdast-util-gfm-table-0.1.6.tgz#af05aeadc8e5ee004eeddfb324b2ad8c029b6ecf"
  integrity sha512-j4yDxQ66AJSBwGkbpFEp9uG/LS1tZV3P33fN1gkyRB2LoRL+RR3f76m0HPHaby6F4Z5xr9Fv1URmATlRRUIpRQ==
  dependencies:
    markdown-table "^2.0.0"
    mdast-util-to-markdown "~0.6.0"

mdast-util-gfm-task-list-item@^0.1.0:
  version "0.1.6"
  resolved "https://registry.yarnpkg.com/mdast-util-gfm-task-list-item/-/mdast-util-gfm-task-list-item-0.1.6.tgz#70c885e6b9f543ddd7e6b41f9703ee55b084af10"
  integrity sha512-/d51FFIfPsSmCIRNp7E6pozM9z1GYPIkSy1urQ8s/o4TC22BZ7DqfHFWiqBD23bc7J3vV1Fc9O4QIHBlfuit8A==
  dependencies:
    mdast-util-to-markdown "~0.6.0"

mdast-util-gfm@^0.1.0:
  version "0.1.2"
  resolved "https://registry.yarnpkg.com/mdast-util-gfm/-/mdast-util-gfm-0.1.2.tgz#8ecddafe57d266540f6881f5c57ff19725bd351c"
  integrity sha512-NNkhDx/qYcuOWB7xHUGWZYVXvjPFFd6afg6/e2g+SV4r9q5XUcCbV4Wfa3DLYIiD+xAEZc6K4MGaE/m0KDcPwQ==
  dependencies:
    mdast-util-gfm-autolink-literal "^0.1.0"
    mdast-util-gfm-strikethrough "^0.2.0"
    mdast-util-gfm-table "^0.1.0"
    mdast-util-gfm-task-list-item "^0.1.0"
    mdast-util-to-markdown "^0.6.1"

mdast-util-to-markdown@^0.6.0, mdast-util-to-markdown@^0.6.1, mdast-util-to-markdown@~0.6.0:
  version "0.6.5"
  resolved "https://registry.yarnpkg.com/mdast-util-to-markdown/-/mdast-util-to-markdown-0.6.5.tgz#b33f67ca820d69e6cc527a93d4039249b504bebe"
  integrity sha512-XeV9sDE7ZlOQvs45C9UKMtfTcctcaj/pGwH8YLbMHoMOXNNCn2LsqVQOqrF1+/NU8lKDAqozme9SCXWyo9oAcQ==
  dependencies:
    "@types/unist" "^2.0.0"
    longest-streak "^2.0.0"
    mdast-util-to-string "^2.0.0"
    parse-entities "^2.0.0"
    repeat-string "^1.0.0"
    zwitch "^1.0.0"

mdast-util-to-string@^2.0.0:
  version "2.0.0"
  resolved "https://registry.yarnpkg.com/mdast-util-to-string/-/mdast-util-to-string-2.0.0.tgz#b8cfe6a713e1091cb5b728fc48885a4767f8b97b"
  integrity sha512-AW4DRS3QbBayY/jJmD8437V1Gombjf8RSOUCMFBuo5iHi58AGEgVCKQ+ezHkZZDpAQS75hcBMpLqjpJTjtUL7w==

micromark-extension-footnote@^0.3.0:
  version "0.3.2"
  resolved "https://registry.yarnpkg.com/micromark-extension-footnote/-/micromark-extension-footnote-0.3.2.tgz#129b74ef4920ce96719b2c06102ee7abb2b88a20"
  integrity sha512-gr/BeIxbIWQoUm02cIfK7mdMZ/fbroRpLsck4kvFtjbzP4yi+OPVbnukTc/zy0i7spC2xYE/dbX1Sur8BEDJsQ==
  dependencies:
    micromark "~2.11.0"

micromark-extension-frontmatter@^0.2.0:
  version "0.2.2"
  resolved "https://registry.yarnpkg.com/micromark-extension-frontmatter/-/micromark-extension-frontmatter-0.2.2.tgz#61b8e92e9213e1d3c13f5a59e7862f5ca98dfa53"
  integrity sha512-q6nPLFCMTLtfsctAuS0Xh4vaolxSFUWUWR6PZSrXXiRy+SANGllpcqdXFv2z07l0Xz/6Hl40hK0ffNCJPH2n1A==
  dependencies:
    fault "^1.0.0"

micromark-extension-gfm-autolink-literal@~0.5.0:
  version "0.5.7"
  resolved "https://registry.yarnpkg.com/micromark-extension-gfm-autolink-literal/-/micromark-extension-gfm-autolink-literal-0.5.7.tgz#53866c1f0c7ef940ae7ca1f72c6faef8fed9f204"
  integrity sha512-ePiDGH0/lhcngCe8FtH4ARFoxKTUelMp4L7Gg2pujYD5CSMb9PbblnyL+AAMud/SNMyusbS2XDSiPIRcQoNFAw==
  dependencies:
    micromark "~2.11.3"

micromark-extension-gfm-strikethrough@~0.6.5:
  version "0.6.5"
  resolved "https://registry.yarnpkg.com/micromark-extension-gfm-strikethrough/-/micromark-extension-gfm-strikethrough-0.6.5.tgz#96cb83356ff87bf31670eefb7ad7bba73e6514d1"
  integrity sha512-PpOKlgokpQRwUesRwWEp+fHjGGkZEejj83k9gU5iXCbDG+XBA92BqnRKYJdfqfkrRcZRgGuPuXb7DaK/DmxOhw==
  dependencies:
    micromark "~2.11.0"

micromark-extension-gfm-table@~0.4.0:
  version "0.4.3"
  resolved "https://registry.yarnpkg.com/micromark-extension-gfm-table/-/micromark-extension-gfm-table-0.4.3.tgz#4d49f1ce0ca84996c853880b9446698947f1802b"
  integrity sha512-hVGvESPq0fk6ALWtomcwmgLvH8ZSVpcPjzi0AjPclB9FsVRgMtGZkUcpE0zgjOCFAznKepF4z3hX8z6e3HODdA==
  dependencies:
    micromark "~2.11.0"

micromark-extension-gfm-tagfilter@~0.3.0:
  version "0.3.0"
  resolved "https://registry.yarnpkg.com/micromark-extension-gfm-tagfilter/-/micromark-extension-gfm-tagfilter-0.3.0.tgz#d9f26a65adee984c9ccdd7e182220493562841ad"
  integrity sha512-9GU0xBatryXifL//FJH+tAZ6i240xQuFrSL7mYi8f4oZSbc+NvXjkrHemeYP0+L4ZUT+Ptz3b95zhUZnMtoi/Q==

micromark-extension-gfm-task-list-item@~0.3.0:
  version "0.3.3"
  resolved "https://registry.yarnpkg.com/micromark-extension-gfm-task-list-item/-/micromark-extension-gfm-task-list-item-0.3.3.tgz#d90c755f2533ed55a718129cee11257f136283b8"
  integrity sha512-0zvM5iSLKrc/NQl84pZSjGo66aTGd57C1idmlWmE87lkMcXrTxg1uXa/nXomxJytoje9trP0NDLvw4bZ/Z/XCQ==
  dependencies:
    micromark "~2.11.0"

micromark-extension-gfm@^0.3.0:
  version "0.3.3"
  resolved "https://registry.yarnpkg.com/micromark-extension-gfm/-/micromark-extension-gfm-0.3.3.tgz#36d1a4c089ca8bdfd978c9bd2bf1a0cb24e2acfe"
  integrity sha512-oVN4zv5/tAIA+l3GbMi7lWeYpJ14oQyJ3uEim20ktYFAcfX1x3LNlFGGlmrZHt7u9YlKExmyJdDGaTt6cMSR/A==
  dependencies:
    micromark "~2.11.0"
    micromark-extension-gfm-autolink-literal "~0.5.0"
    micromark-extension-gfm-strikethrough "~0.6.5"
    micromark-extension-gfm-table "~0.4.0"
    micromark-extension-gfm-tagfilter "~0.3.0"
    micromark-extension-gfm-task-list-item "~0.3.0"

micromark@^2.11.3, micromark@~2.11.0, micromark@~2.11.3:
  version "2.11.4"
  resolved "https://registry.yarnpkg.com/micromark/-/micromark-2.11.4.tgz#d13436138eea826383e822449c9a5c50ee44665a"
  integrity sha512-+WoovN/ppKolQOFIAajxi7Lu9kInbPxFuTBVEavFcL8eAfVstoc5MocPmqBeAdBOJV00uaVjegzH4+MA0DN/uA==
  dependencies:
    debug "^4.0.0"
    parse-entities "^2.0.0"

minimatch@^3.0.4:
  version "3.0.4"
  resolved "https://registry.yarnpkg.com/minimatch/-/minimatch-3.0.4.tgz#5166e286457f03306064be5497e8dbb0c3d32083"
  integrity sha512-yJHVQEhyqPLUTgt9B83PXu6W3rx4MvvHvSUvToogpwoGDOUQ+yDrR0HRot+yOCdCO7u4hX3pWft6kWBBcqh0UA==
  dependencies:
    brace-expansion "^1.1.7"

minimist@^1.2.5:
  version "1.2.5"
  resolved "https://registry.yarnpkg.com/minimist/-/minimist-1.2.5.tgz#67d66014b66a6a8aaa0c083c5fd58df4e4e97602"
  integrity sha512-FM9nNUYrRBAELZQT3xeZQ7fmMOBg6nWNmJKTcgsJeaLstP/UODVpGsr5OhXhhXg6f+qtJ8uiZ+PUxkDWcgIXLw==

mkdirp@^0.5.3:
  version "0.5.5"
  resolved "https://registry.yarnpkg.com/mkdirp/-/mkdirp-0.5.5.tgz#d91cefd62d1436ca0f41620e251288d420099def"
  integrity sha512-NKmAlESf6jMGym1++R0Ra7wvhV+wFW63FaSOFPwRahvea0gMUcGUhVeAg/0BC0wiv9ih5NYPB1Wn1UEI1/L+xQ==
  dependencies:
    minimist "^1.2.5"

ms@2.1.2:
  version "2.1.2"
  resolved "https://registry.yarnpkg.com/ms/-/ms-2.1.2.tgz#d09d1f357b443f493382a8eb3ccd183872ae6009"
  integrity sha512-sGkPx+VjMtmA6MX27oA4FBFELFCZZ4S4XqeGOXCv68tT+jb3vk/RyaKWP0PTKyWtmLSM0b+adUTEvbs1PEaH2w==

once@^1.3.0:
  version "1.4.0"
  resolved "https://registry.yarnpkg.com/once/-/once-1.4.0.tgz#583b1aa775961d4b113ac17d9c50baef9dd76bd1"
  integrity sha1-WDsap3WWHUsROsF9nFC6753Xa9E=
  dependencies:
    wrappy "1"

parse-entities@^2.0.0:
  version "2.0.0"
  resolved "https://registry.yarnpkg.com/parse-entities/-/parse-entities-2.0.0.tgz#53c6eb5b9314a1f4ec99fa0fdf7ce01ecda0cbe8"
  integrity sha512-kkywGpCcRYhqQIchaWqZ875wzpS/bMKhz5HnN3p7wveJTkTtyAB/AlnS0f8DFSqYW1T82t6yEAkEcB+A1I3MbQ==
  dependencies:
    character-entities "^1.0.0"
    character-entities-legacy "^1.0.0"
    character-reference-invalid "^1.0.0"
    is-alphanumerical "^1.0.0"
    is-decimal "^1.0.0"
    is-hexadecimal "^1.0.0"

path-is-absolute@^1.0.0:
  version "1.0.1"
  resolved "https://registry.yarnpkg.com/path-is-absolute/-/path-is-absolute-1.0.1.tgz#174b9268735534ffbc7ace6bf53a5a9e1b5c5f5f"
  integrity sha1-F0uSaHNVNP+8es5r9TpanhtcX18=

path-parse@^1.0.6:
  version "1.0.7"
  resolved "https://registry.yarnpkg.com/path-parse/-/path-parse-1.0.7.tgz#fbc114b60ca42b30d9daf5858e4bd68bbedb6735"
  integrity sha512-LDJzPVEEEPR+y48z93A0Ed0yXb8pAByGWo/k5YYdYgpY2/2EsOsksJrq7lOHxryrVOn1ejG6oAp8ahvOIQD8sw==

prettier@^2.3.1:
  version "2.3.1"
  resolved "https://registry.yarnpkg.com/prettier/-/prettier-2.3.1.tgz#76903c3f8c4449bc9ac597acefa24dc5ad4cbea6"
  integrity sha512-p+vNbgpLjif/+D+DwAZAbndtRrR0md0MwfmOVN9N+2RgyACMT+7tfaRnT+WDPkqnuVwleyuBIG2XBxKDme3hPA==

remark-footnotes@^3.0.0:
  version "3.0.0"
  resolved "https://registry.yarnpkg.com/remark-footnotes/-/remark-footnotes-3.0.0.tgz#5756b56f8464fa7ed80dbba0c966136305d8cb8d"
  integrity sha512-ZssAvH9FjGYlJ/PBVKdSmfyPc3Cz4rTWgZLI4iE/SX8Nt5l3o3oEjv3wwG5VD7xOjktzdwp5coac+kJV9l4jgg==
  dependencies:
    mdast-util-footnote "^0.1.0"
    micromark-extension-footnote "^0.3.0"

remark-frontmatter@^3.0.0:
  version "3.0.0"
  resolved "https://registry.yarnpkg.com/remark-frontmatter/-/remark-frontmatter-3.0.0.tgz#ca5d996361765c859bd944505f377d6b186a6ec6"
  integrity sha512-mSuDd3svCHs+2PyO29h7iijIZx4plX0fheacJcAoYAASfgzgVIcXGYSq9GFyYocFLftQs8IOmmkgtOovs6d4oA==
  dependencies:
    mdast-util-frontmatter "^0.2.0"
    micromark-extension-frontmatter "^0.2.0"

remark-gfm@^1.0.0:
  version "1.0.0"
  resolved "https://registry.yarnpkg.com/remark-gfm/-/remark-gfm-1.0.0.tgz#9213643001be3f277da6256464d56fd28c3b3c0d"
  integrity sha512-KfexHJCiqvrdBZVbQ6RopMZGwaXz6wFJEfByIuEwGf0arvITHjiKKZ1dpXujjH9KZdm1//XJQwgfnJ3lmXaDPA==
  dependencies:
    mdast-util-gfm "^0.1.0"
    micromark-extension-gfm "^0.3.0"

remark-parse@^9.0.0:
  version "9.0.0"
  resolved "https://registry.yarnpkg.com/remark-parse/-/remark-parse-9.0.0.tgz#4d20a299665880e4f4af5d90b7c7b8a935853640"
  integrity sha512-geKatMwSzEXKHuzBNU1z676sGcDcFoChMK38TgdHJNAYfFtsfHDQG7MoJAjs6sgYMqyLduCYWDIWZIxiPeafEw==
  dependencies:
    mdast-util-from-markdown "^0.8.0"

repeat-string@^1.0.0:
  version "1.6.1"
  resolved "https://registry.yarnpkg.com/repeat-string/-/repeat-string-1.6.1.tgz#8dcae470e1c88abc2d600fff4a776286da75e637"
  integrity sha1-jcrkcOHIirwtYA//Sndihtp15jc=

resolve@^1.3.2:
  version "1.20.0"
  resolved "https://registry.yarnpkg.com/resolve/-/resolve-1.20.0.tgz#629a013fb3f70755d6f0b7935cc1c2c5378b1975"
  integrity sha512-wENBPt4ySzg4ybFQW2TT1zMQucPK95HSh/nq2CFTZVOGut2+pQvSsgtda4d26YrYcr067wjbmzOG8byDPBX63A==
  dependencies:
    is-core-module "^2.2.0"
    path-parse "^1.0.6"

section-matter@^1.0.0:
  version "1.0.0"
  resolved "https://registry.yarnpkg.com/section-matter/-/section-matter-1.0.0.tgz#e9041953506780ec01d59f292a19c7b850b84167"
  integrity sha512-vfD3pmTzGpufjScBh50YHKzEu2lxBWhVEHsNGoEXmCmn2hKGfeNLYMzCJpe8cD7gqX7TJluOVpBkAequ6dgMmA==
  dependencies:
    extend-shallow "^2.0.1"
    kind-of "^6.0.0"

semver@^5.3.0:
  version "5.7.1"
  resolved "https://registry.yarnpkg.com/semver/-/semver-5.7.1.tgz#a954f931aeba508d307bbf069eff0c01c96116f7"
  integrity sha512-sauaDf/PZdVgrLTNYHRtpXa1iRiKcaebiKQ1BJdpQlWH2lCvexQdX55snPFyK7QzpudqbCI0qXFfOasHdyNDGQ==

sprintf-js@~1.0.2:
  version "1.0.3"
  resolved "https://registry.yarnpkg.com/sprintf-js/-/sprintf-js-1.0.3.tgz#04e6926f662895354f3dd015203633b857297e2c"
  integrity sha1-BOaSb2YolTVPPdAVIDYzuFcpfiw=

strip-bom-string@^1.0.0:
  version "1.0.0"
  resolved "https://registry.yarnpkg.com/strip-bom-string/-/strip-bom-string-1.0.0.tgz#e5211e9224369fbb81d633a2f00044dc8cedad92"
  integrity sha1-5SEekiQ2n7uB1jOi8ABE3IztrZI=

supports-color@^5.3.0:
  version "5.5.0"
  resolved "https://registry.yarnpkg.com/supports-color/-/supports-color-5.5.0.tgz#e2e69a44ac8772f78a1ec0b35b689df6530efc8f"
  integrity sha512-QjVjwdXIt408MIiAqCX4oUKsgU2EqAGzs2Ppkm4aQYbjm+ZEWEcW4SfFNTr4uMNZma0ey4f5lgLrkB0aX0QMow==
  dependencies:
    has-flag "^3.0.0"

traverse@^0.6.6:
  version "0.6.6"
  resolved "https://registry.yarnpkg.com/traverse/-/traverse-0.6.6.tgz#cbdf560fd7b9af632502fed40f918c157ea97137"
  integrity sha1-y99WD9e5r2MlAv7UD5GMFX6pcTc=

trough@^1.0.0:
  version "1.0.5"
  resolved "https://registry.yarnpkg.com/trough/-/trough-1.0.5.tgz#b8b639cefad7d0bb2abd37d433ff8293efa5f406"
  integrity sha512-rvuRbTarPXmMb79SmzEp8aqXNKcK+y0XaB298IXueQ8I2PsrATcPBCSPyK/dDNa2iWOhKlfNnOjdAOTBU/nkFA==

tslib@^1.13.0, tslib@^1.8.1:
  version "1.14.1"
  resolved "https://registry.yarnpkg.com/tslib/-/tslib-1.14.1.tgz#cf2d38bdc34a134bcaf1091c41f6619e2f672d00"
  integrity sha512-Xni35NKzjgMrwevysHTCArtLDpPvye8zV/0E4EyYn43P7/7qvQwPh9BGkHewbMulVntbigmcT7rdX3BNo9wRJg==

tslint-config-prettier@^1.18.0:
  version "1.18.0"
  resolved "https://registry.yarnpkg.com/tslint-config-prettier/-/tslint-config-prettier-1.18.0.tgz#75f140bde947d35d8f0d238e0ebf809d64592c37"
  integrity sha512-xPw9PgNPLG3iKRxmK7DWr+Ea/SzrvfHtjFt5LBl61gk2UBG/DB9kCXRjv+xyIU1rUtnayLeMUVJBcMX8Z17nDg==

tslint@^6.1.3:
  version "6.1.3"
  resolved "https://registry.yarnpkg.com/tslint/-/tslint-6.1.3.tgz#5c23b2eccc32487d5523bd3a470e9aa31789d904"
  integrity sha512-IbR4nkT96EQOvKE2PW/djGz8iGNeJ4rF2mBfiYaR/nvUWYKJhLwimoJKgjIFEIDibBtOevj7BqCRL4oHeWWUCg==
  dependencies:
    "@babel/code-frame" "^7.0.0"
    builtin-modules "^1.1.1"
    chalk "^2.3.0"
    commander "^2.12.1"
    diff "^4.0.1"
    glob "^7.1.1"
    js-yaml "^3.13.1"
    minimatch "^3.0.4"
    mkdirp "^0.5.3"
    resolve "^1.3.2"
    semver "^5.3.0"
    tslib "^1.13.0"
    tsutils "^2.29.0"

tsutils@^2.29.0:
  version "2.29.0"
  resolved "https://registry.yarnpkg.com/tsutils/-/tsutils-2.29.0.tgz#32b488501467acbedd4b85498673a0812aca0b99"
  integrity sha512-g5JVHCIJwzfISaXpXE1qvNalca5Jwob6FjI4AoPlqMusJ6ftFE7IkkFoMhVLRgK+4Kx3gkzb8UZK5t5yTTvEmA==
  dependencies:
    tslib "^1.8.1"

typescript@^4.3.2:
  version "4.3.2"
  resolved "https://registry.yarnpkg.com/typescript/-/typescript-4.3.2.tgz#399ab18aac45802d6f2498de5054fcbbe716a805"
  integrity sha512-zZ4hShnmnoVnAHpVHWpTcxdv7dWP60S2FsydQLV8V5PbS3FifjWFFRiHSWpDJahly88PRyV5teTSLoq4eG7mKw==

unified@^9.2.1:
  version "9.2.1"
  resolved "https://registry.yarnpkg.com/unified/-/unified-9.2.1.tgz#ae18d5674c114021bfdbdf73865ca60f410215a3"
  integrity sha512-juWjuI8Z4xFg8pJbnEZ41b5xjGUWGHqXALmBZ3FC3WX0PIx1CZBIIJ6mXbYMcf6Yw4Fi0rFUTA1cdz/BglbOhA==
  dependencies:
    bail "^1.0.0"
    extend "^3.0.0"
    is-buffer "^2.0.0"
    is-plain-obj "^2.0.0"
    trough "^1.0.0"
    vfile "^4.0.0"

unist-util-is@^4.0.0:
  version "4.1.0"
  resolved "https://registry.yarnpkg.com/unist-util-is/-/unist-util-is-4.1.0.tgz#976e5f462a7a5de73d94b706bac1b90671b57797"
  integrity sha512-ZOQSsnce92GrxSqlnEEseX0gi7GH9zTJZ0p9dtu87WRb/37mMPO2Ilx1s/t9vBHrFhbgweUwb+t7cIn5dxPhZg==

unist-util-stringify-position@^2.0.0:
  version "2.0.3"
  resolved "https://registry.yarnpkg.com/unist-util-stringify-position/-/unist-util-stringify-position-2.0.3.tgz#cce3bfa1cdf85ba7375d1d5b17bdc4cada9bd9da"
  integrity sha512-3faScn5I+hy9VleOq/qNbAd6pAx7iH5jYBMS9I1HgQVijz/4mv5Bvw5iw1sC/90CODiKo81G/ps8AJrISn687g==
  dependencies:
    "@types/unist" "^2.0.2"

unist-util-visit-parents@^3.0.0:
  version "3.1.1"
  resolved "https://registry.yarnpkg.com/unist-util-visit-parents/-/unist-util-visit-parents-3.1.1.tgz#65a6ce698f78a6b0f56aa0e88f13801886cdaef6"
  integrity sha512-1KROIZWo6bcMrZEwiH2UrXDyalAa0uqzWCxCJj6lPOvTve2WkfgCytoDTPaMnodXh1WrXOq0haVYHj99ynJlsg==
  dependencies:
    "@types/unist" "^2.0.0"
    unist-util-is "^4.0.0"

vfile-message@^2.0.0:
  version "2.0.4"
  resolved "https://registry.yarnpkg.com/vfile-message/-/vfile-message-2.0.4.tgz#5b43b88171d409eae58477d13f23dd41d52c371a"
  integrity sha512-DjssxRGkMvifUOJre00juHoP9DPWuzjxKuMDrhNbk2TdaYYBNMStsNhEOt3idrtI12VQYM/1+iM0KOzXi4pxwQ==
  dependencies:
    "@types/unist" "^2.0.0"
    unist-util-stringify-position "^2.0.0"

vfile@^4.0.0:
  version "4.2.1"
  resolved "https://registry.yarnpkg.com/vfile/-/vfile-4.2.1.tgz#03f1dce28fc625c625bc6514350fbdb00fa9e624"
  integrity sha512-O6AE4OskCG5S1emQ/4gl8zK586RqA3srz3nfK/Viy0UPToBc5Trp9BVFb1u0CjsKrAWwnpr4ifM/KBXPWwJbCA==
  dependencies:
    "@types/unist" "^2.0.0"
    is-buffer "^2.0.0"
    unist-util-stringify-position "^2.0.0"
    vfile-message "^2.0.0"

wrappy@1:
  version "1.0.2"
  resolved "https://registry.yarnpkg.com/wrappy/-/wrappy-1.0.2.tgz#b5243d8f3ec1aa35f1364605bc0d1036e30ab69f"
  integrity sha1-tSQ9jz7BqjXxNkYFvA0QNuMKtp8=

zwitch@^1.0.0:
  version "1.0.5"
  resolved "https://registry.yarnpkg.com/zwitch/-/zwitch-1.0.5.tgz#d11d7381ffed16b742f6af7b3f223d5cd9fe9920"
  integrity sha512-V50KMwwzqJV0NpZIZFwfOD5/lyny3WlSzRiXgA0G7VUnRlqttta1L6UQIHzd6EuBY/cHGfwTIck7w1yH6Q5zUw==
